
Microsoft Visual Studio Solution File, Format Version 12.00
# Visual Studio 15
VisualStudioVersion = 15.0.28307.1758
MinimumVisualStudioVersion = 10.0.40219.1
Project("{E24C65DC-7377-472B-9ABA-BC803B73C61A}") = "ReappointmentPortal", ".", "{591574D8-FB07-478E-B672-C538D9337A97}"
	ProjectSection(WebsiteProperties) = preProject
		TargetFrameworkMoniker = ".NETFramework,Version%3Dv4.5"
		Debug.AspNetCompiler.VirtualPath = "/localhost_50242"
		Debug.AspNetCompiler.PhysicalPath = "..\ReappointmentPortal\"
		Debug.AspNetCompiler.TargetPath = "PrecompiledWeb\localhost_50242\"
		Debug.AspNetCompiler.Updateable = "true"
		Debug.AspNetCompiler.ForceOverwrite = "true"
		Debug.AspNetCompiler.FixedNames = "false"
		Debug.AspNetCompiler.Debug = "True"
		Release.AspNetCompiler.VirtualPath = "/localhost_50242"
		Release.AspNetCompiler.PhysicalPath = "..\ReappointmentPortal\"
		Release.AspNetCompiler.TargetPath = "PrecompiledWeb\localhost_50242\"
		Release.AspNetCompiler.Updateable = "true"
		Release.AspNetCompiler.ForceOverwrite = "true"
		Release.AspNetCompiler.FixedNames = "false"
		Release.AspNetCompiler.Debug = "False"
		VWDPort = "50242"
		SlnRelativePath = "..\ReappointmentPortal\"
	EndProjectSection
EndProject
Global
	GlobalSection(SolutionConfigurationPlatforms) = preSolution
		Debug|Any CPU = Debug|Any CPU
	EndGlobalSection
	GlobalSection(ProjectConfigurationPlatforms) = postSolution
		{591574D8-FB07-478E-B672-C538D9337A97}.Debug|Any CPU.ActiveCfg = Debug|Any CPU
		{591574D8-FB07-478E-B672-C538D9337A97}.Debug|Any CPU.Build.0 = Debug|Any CPU
	EndGlobalSection
	GlobalSection(SolutionProperties) = preSolution
		HideSolutionNode = FALSE
	EndGlobalSection
	GlobalSection(ExtensibilityGlobals) = postSolution
		SolutionGuid = {528EFD4E-7D80-4453-8FC3-88C4D38B9A37}
	EndGlobalSection
EndGlobal
